
Microsoft Visual Studio Solution File, Format Version 12.00
# Visual Studio Version 16
VisualStudioVersion = 16.0.29709.97
MinimumVisualStudioVersion = 10.0.40219.1
Project("{9A19103F-16F7-4668-BE54-9A1E7A4F7556}") = "SIS.HTTP", "SIS.HTTP\SIS.HTTP.csproj", "{7855DC04-3A03-45E4-8E13-E351C68FA6A4}"
EndProject
Project("{9A19103F-16F7-4668-BE54-9A1E7A4F7556}") = "SIS.MvcFramework", "SIS.MvcFramework\SIS.MvcFramework.csproj", "{769B0181-6132-4695-8D43-DCB1D5C44BDA}"
EndProject
Project("{9A19103F-16F7-4668-BE54-9A1E7A4F7556}") = "SIS.MvcFramework.Tests", "SIS.MvcFramework.Tests\SIS.MvcFramework.Tests.csproj", "{D225A8AF-CC18-4CC1-B3E3-369EAC5A8D1C}"
EndProject
Project("{2150E333-8FDC-42A3-9474-1A3956D46DE8}") = "IRunes", "IRunes", "{B6089671-8F40-4B70-B38F-53E488E83BA8}"
EndProject
Project("{9A19103F-16F7-4668-BE54-9A1E7A4F7556}") = "IRunes.App", "IRunes\IRunes.App\IRunes.App.csproj", "{5B9CFDCC-B08C-4C38-B186-2507513D06A4}"
EndProject
Project("{9A19103F-16F7-4668-BE54-9A1E7A4F7556}") = "IRunes.Data", "IRunes\IRunes.Data\IRunes.Data.csproj", "{3836941B-1113-48CA-83F3-2C13524BB89E}"
EndProject
Project("{9A19103F-16F7-4668-BE54-9A1E7A4F7556}") = "IRunes.Models", "IRunes\IRunes.Models\IRunes.Models.csproj", "{FFD8B06B-A45B-4CE3-97A7-CEC1AFA6733E}"
EndProject
Project("{9A19103F-16F7-4668-BE54-9A1E7A4F7556}") = "IRunes.Services", "IRunes\IRunes.Services\IRunes.Services.csproj", "{307F1818-746D-44B4-8791-44BA55BD972A}"
EndProject
Global
	GlobalSection(SolutionConfigurationPlatforms) = preSolution
		Debug|Any CPU = Debug|Any CPU
		Release|Any CPU = Release|Any CPU
	EndGlobalSection
	GlobalSection(ProjectConfigurationPlatforms) = postSolution
		{7855DC04-3A03-45E4-8E13-E351C68FA6A4}.Debug|Any CPU.ActiveCfg = Debug|Any CPU
		{7855DC04-3A03-45E4-8E13-E351C68FA6A4}.Debug|Any CPU.Build.0 = Debug|Any CPU
		{7855DC04-3A03-45E4-8E13-E351C68FA6A4}.Release|Any CPU.ActiveCfg = Release|Any CPU
		{7855DC04-3A03-45E4-8E13-E351C68FA6A4}.Release|Any CPU.Build.0 = Release|Any CPU
		{769B0181-6132-4695-8D43-DCB1D5C44BDA}.Debug|Any CPU.ActiveCfg = Debug|Any CPU
		{769B0181-6132-4695-8D43-DCB1D5C44BDA}.Debug|Any CPU.Build.0 = Debug|Any CPU
		{769B0181-6132-4695-8D43-DCB1D5C44BDA}.Release|Any CPU.ActiveCfg = Release|Any CPU
		{769B0181-6132-4695-8D43-DCB1D5C44BDA}.Release|Any CPU.Build.0 = Release|Any CPU
		{D225A8AF-CC18-4CC1-B3E3-369EAC5A8D1C}.Debug|Any CPU.ActiveCfg = Debug|Any CPU
		{D225A8AF-CC18-4CC1-B3E3-369EAC5A8D1C}.Debug|Any CPU.Build.0 = Debug|Any CPU
		{D225A8AF-CC18-4CC1-B3E3-369EAC5A8D1C}.Release|Any CPU.ActiveCfg = Release|Any CPU
		{D225A8AF-CC18-4CC1-B3E3-369EAC5A8D1C}.Release|Any CPU.Build.0 = Release|Any CPU
		{5B9CFDCC-B08C-4C38-B186-2507513D06A4}.Debug|Any CPU.ActiveCfg = Debug|Any CPU
		{5B9CFDCC-B08C-4C38-B186-2507513D06A4}.Debug|Any CPU.Build.0 = Debug|Any CPU
		{5B9CFDCC-B08C-4C38-B186-2507513D06A4}.Release|Any CPU.ActiveCfg = Release|Any CPU
		{5B9CFDCC-B08C-4C38-B186-2507513D06A4}.Release|Any CPU.Build.0 = Release|Any CPU
		{3836941B-1113-48CA-83F3-2C13524BB89E}.Debug|Any CPU.ActiveCfg = Debug|Any CPU
		{3836941B-1113-48CA-83F3-2C13524BB89E}.Debug|Any CPU.Build.0 = Debug|Any CPU
		{3836941B-1113-48CA-83F3-2C13524BB89E}.Release|Any CPU.ActiveCfg = Release|Any CPU
		{3836941B-1113-48CA-83F3-2C13524BB89E}.Release|Any CPU.Build.0 = Release|Any CPU
		{FFD8B06B-A45B-4CE3-97A7-CEC1AFA6733E}.Debug|Any CPU.ActiveCfg = Debug|Any CPU
		{FFD8B06B-A45B-4CE3-97A7-CEC1AFA6733E}.Debug|Any CPU.Build.0 = Debug|Any CPU
		{FFD8B06B-A45B-4CE3-97A7-CEC1AFA6733E}.Release|Any CPU.ActiveCfg = Release|Any CPU
		{FFD8B06B-A45B-4CE3-97A7-CEC1AFA6733E}.Release|Any CPU.Build.0 = Release|Any CPU
		{307F1818-746D-44B4-8791-44BA55BD972A}.Debug|Any CPU.ActiveCfg = Debug|Any CPU
		{307F1818-746D-44B4-8791-44BA55BD972A}.Debug|Any CPU.Build.0 = Debug|Any CPU
		{307F1818-746D-44B4-8791-44BA55BD972A}.Release|Any CPU.ActiveCfg = Release|Any CPU
		{307F1818-746D-44B4-8791-44BA55BD972A}.Release|Any CPU.Build.0 = Release|Any CPU
	EndGlobalSection
	GlobalSection(SolutionProperties) = preSolution
		HideSolutionNode = FALSE
	EndGlobalSection
	GlobalSection(NestedProjects) = preSolution
		{5B9CFDCC-B08C-4C38-B186-2507513D06A4} = {B6089671-8F40-4B70-B38F-53E488E83BA8}
		{3836941B-1113-48CA-83F3-2C13524BB89E} = {B6089671-8F40-4B70-B38F-53E488E83BA8}
		{FFD8B06B-A45B-4CE3-97A7-CEC1AFA6733E} = {B6089671-8F40-4B70-B38F-53E488E83BA8}
		{307F1818-746D-44B4-8791-44BA55BD972A} = {B6089671-8F40-4B70-B38F-53E488E83BA8}
	EndGlobalSection
	GlobalSection(ExtensibilityGlobals) = postSolution
		SolutionGuid = {CEA9858C-A70C-4DAC-A4B5-9393A32A9B82}
	EndGlobalSection
EndGlobal
