
Microsoft Visual Studio Solution File, Format Version 12.00
# Visual Studio Version 16
VisualStudioVersion = 16.0.28803.156
MinimumVisualStudioVersion = 10.0.40219.1
Project("{9A19103F-16F7-4668-BE54-9A1E7A4F7556}") = "SIS.HTTP", "C:\Users\Admin\source\repos\C# WEB Jan 2020\01.HTTP Protocol Exercise\SIS.HTTP\SIS.HTTP.csproj", "{3C230FC2-40D9-4F9B-9E20-4D79D3260E17}"
EndProject
Project("{9A19103F-16F7-4668-BE54-9A1E7A4F7556}") = "SIS.WebServer", "C:\Users\Admin\source\repos\C# WEB Jan 2020\01.HTTP Protocol Exercise\SIS.WebServer\SIS.WebServer.csproj", "{3D95DB28-1132-498E-A689-48527279B51F}"
EndProject
Project("{9A19103F-16F7-4668-BE54-9A1E7A4F7556}") = "SIS.Demo", "SIS.Demo\SIS.Demo.csproj", "{DF80ECA6-676C-4AC6-840F-4F1D12D47A64}"
EndProject
Project("{FAE04EC0-301F-11D3-BF4B-00C04F79EFBC}") = "SIS.Data", "SIS.Data\SIS.Data.csproj", "{5EE03F97-C5BF-4E44-9645-D3F1DE496CCA}"
EndProject
Project("{FAE04EC0-301F-11D3-BF4B-00C04F79EFBC}") = "SIS.Models", "SIS.Models\SIS.Models.csproj", "{4B31FE5F-D34D-42BF-B4C2-DCC7BE2719C4}"
EndProject
Global
	GlobalSection(SolutionConfigurationPlatforms) = preSolution
		Debug|Any CPU = Debug|Any CPU
		Release|Any CPU = Release|Any CPU
	EndGlobalSection
	GlobalSection(ProjectConfigurationPlatforms) = postSolution
		{3C230FC2-40D9-4F9B-9E20-4D79D3260E17}.Debug|Any CPU.ActiveCfg = Debug|Any CPU
		{3C230FC2-40D9-4F9B-9E20-4D79D3260E17}.Debug|Any CPU.Build.0 = Debug|Any CPU
		{3C230FC2-40D9-4F9B-9E20-4D79D3260E17}.Release|Any CPU.ActiveCfg = Release|Any CPU
		{3C230FC2-40D9-4F9B-9E20-4D79D3260E17}.Release|Any CPU.Build.0 = Release|Any CPU
		{3D95DB28-1132-498E-A689-48527279B51F}.Debug|Any CPU.ActiveCfg = Debug|Any CPU
		{3D95DB28-1132-498E-A689-48527279B51F}.Debug|Any CPU.Build.0 = Debug|Any CPU
		{3D95DB28-1132-498E-A689-48527279B51F}.Release|Any CPU.ActiveCfg = Release|Any CPU
		{3D95DB28-1132-498E-A689-48527279B51F}.Release|Any CPU.Build.0 = Release|Any CPU
		{DF80ECA6-676C-4AC6-840F-4F1D12D47A64}.Debug|Any CPU.ActiveCfg = Debug|Any CPU
		{DF80ECA6-676C-4AC6-840F-4F1D12D47A64}.Debug|Any CPU.Build.0 = Debug|Any CPU
		{DF80ECA6-676C-4AC6-840F-4F1D12D47A64}.Release|Any CPU.ActiveCfg = Release|Any CPU
		{DF80ECA6-676C-4AC6-840F-4F1D12D47A64}.Release|Any CPU.Build.0 = Release|Any CPU
		{5EE03F97-C5BF-4E44-9645-D3F1DE496CCA}.Debug|Any CPU.ActiveCfg = Debug|Any CPU
		{5EE03F97-C5BF-4E44-9645-D3F1DE496CCA}.Debug|Any CPU.Build.0 = Debug|Any CPU
		{5EE03F97-C5BF-4E44-9645-D3F1DE496CCA}.Release|Any CPU.ActiveCfg = Release|Any CPU
		{5EE03F97-C5BF-4E44-9645-D3F1DE496CCA}.Release|Any CPU.Build.0 = Release|Any CPU
		{4B31FE5F-D34D-42BF-B4C2-DCC7BE2719C4}.Debug|Any CPU.ActiveCfg = Debug|Any CPU
		{4B31FE5F-D34D-42BF-B4C2-DCC7BE2719C4}.Debug|Any CPU.Build.0 = Debug|Any CPU
		{4B31FE5F-D34D-42BF-B4C2-DCC7BE2719C4}.Release|Any CPU.ActiveCfg = Release|Any CPU
		{4B31FE5F-D34D-42BF-B4C2-DCC7BE2719C4}.Release|Any CPU.Build.0 = Release|Any CPU
	EndGlobalSection
	GlobalSection(SolutionProperties) = preSolution
		HideSolutionNode = FALSE
	EndGlobalSection
	GlobalSection(ExtensibilityGlobals) = postSolution
		SolutionGuid = {95749778-C448-4913-B813-04C78D964222}
	EndGlobalSection
EndGlobal
