
Microsoft Visual Studio Solution File, Format Version 12.00
# Visual Studio Version 16
VisualStudioVersion = 16.0.29326.143
MinimumVisualStudioVersion = 10.0.40219.1
Project("{9A19103F-16F7-4668-BE54-9A1E7A4F7556}") = "1.DB_Apps_Introduction-ADO.NET_First_Steps", "1.DB_Apps_Introduction-ADO.NET_First_Steps\1.DB_Apps_Introduction-ADO.NET_First_Steps.csproj", "{992E86E7-8C30-43D9-A5BF-6BD59D40EF7A}"
EndProject
Project("{FAE04EC0-301F-11D3-BF4B-00C04F79EFBC}") = "2.ParameterizedSqlQuery", "2.ParameterizedSqlQuery\2.ParameterizedSqlQuery.csproj", "{63E72557-28A3-4678-8E12-9E8E57D3F3DF}"
EndProject
Global
	GlobalSection(SolutionConfigurationPlatforms) = preSolution
		Debug|Any CPU = Debug|Any CPU
		Release|Any CPU = Release|Any CPU
	EndGlobalSection
	GlobalSection(ProjectConfigurationPlatforms) = postSolution
		{992E86E7-8C30-43D9-A5BF-6BD59D40EF7A}.Debug|Any CPU.ActiveCfg = Debug|Any CPU
		{992E86E7-8C30-43D9-A5BF-6BD59D40EF7A}.Debug|Any CPU.Build.0 = Debug|Any CPU
		{992E86E7-8C30-43D9-A5BF-6BD59D40EF7A}.Release|Any CPU.ActiveCfg = Release|Any CPU
		{992E86E7-8C30-43D9-A5BF-6BD59D40EF7A}.Release|Any CPU.Build.0 = Release|Any CPU
		{63E72557-28A3-4678-8E12-9E8E57D3F3DF}.Debug|Any CPU.ActiveCfg = Debug|Any CPU
		{63E72557-28A3-4678-8E12-9E8E57D3F3DF}.Debug|Any CPU.Build.0 = Debug|Any CPU
		{63E72557-28A3-4678-8E12-9E8E57D3F3DF}.Release|Any CPU.ActiveCfg = Release|Any CPU
		{63E72557-28A3-4678-8E12-9E8E57D3F3DF}.Release|Any CPU.Build.0 = Release|Any CPU
	EndGlobalSection
	GlobalSection(SolutionProperties) = preSolution
		HideSolutionNode = FALSE
	EndGlobalSection
	GlobalSection(ExtensibilityGlobals) = postSolution
		SolutionGuid = {472614DF-BE05-4C70-9722-3E11815E933F}
	EndGlobalSection
EndGlobal
