
Microsoft Visual Studio Solution File, Format Version 12.00
# Visual Studio Version 16
VisualStudioVersion = 16.0.29001.49
MinimumVisualStudioVersion = 10.0.40219.1
Project("{9A19103F-16F7-4668-BE54-9A1E7A4F7556}") = "SIS.MvcFramework", "SIS.MvcFramework\SIS.MvcFramework.csproj", "{EDC19875-FA13-47B0-9449-72EA4B00B36B}"
EndProject
Project("{9A19103F-16F7-4668-BE54-9A1E7A4F7556}") = "SIS.HTTP", "SIS.HTTP\SIS.HTTP.csproj", "{A20DFD58-13CC-4475-82C2-0B0A9D66E22B}"
EndProject
Project("{9A19103F-16F7-4668-BE54-9A1E7A4F7556}") = "SIS.Common", "SIS.Common\SIS.Common.csproj", "{68480BC8-F1E3-4FC5-B724-3BBDFC5D91EE}"
EndProject
Project("{2150E333-8FDC-42A3-9474-1A3956D46DE8}") = "PandaApp", "PandaApp", "{6F337154-8304-43B2-B45A-65D52BB0FE9F}"
EndProject
Project("{9A19103F-16F7-4668-BE54-9A1E7A4F7556}") = "Panda.App", "Panda.App\Panda.App.csproj", "{6291F841-060E-44ED-AD62-B9E8D0CB917D}"
EndProject
Project("{9A19103F-16F7-4668-BE54-9A1E7A4F7556}") = "Panda.Data", "Panda.Data\Panda.Data.csproj", "{CEF5B808-6CAC-49E6-B06F-A094B4DA9EA3}"
EndProject
Project("{9A19103F-16F7-4668-BE54-9A1E7A4F7556}") = "Panda.Models", "Panda.Models\Panda.Models.csproj", "{5211DE21-7587-4F67-B35C-DF5247C11019}"
EndProject
Project("{9A19103F-16F7-4668-BE54-9A1E7A4F7556}") = "Panda.Services", "Panda.Services\Panda.Services.csproj", "{61AA6A7B-DF86-4025-9287-326C1EDCF9E4}"
EndProject
Project("{2150E333-8FDC-42A3-9474-1A3956D46DE8}") = "MusacaApp", "MusacaApp", "{C966D15A-7E58-4B82-9C12-9BA254350EDD}"
EndProject
Project("{9A19103F-16F7-4668-BE54-9A1E7A4F7556}") = "Musaca.Web", "MusacaApp\Musaca.Web\Musaca.Web.csproj", "{C9F5073E-24A5-4BF3-B37C-770A8F26F70C}"
EndProject
Project("{9A19103F-16F7-4668-BE54-9A1E7A4F7556}") = "Musaca.Data", "MusacaApp\Musaca.Data\Musaca.Data.csproj", "{FE581BA8-E0F0-4641-AC76-B187661C3BC3}"
EndProject
Project("{9A19103F-16F7-4668-BE54-9A1E7A4F7556}") = "Musaca.Services", "MusacaApp\Musaca.Services\Musaca.Services.csproj", "{8256C01E-86EF-43F6-999F-766086E8188D}"
EndProject
Project("{9A19103F-16F7-4668-BE54-9A1E7A4F7556}") = "Musaca.Models", "MusacaApp\Musaca.Models\Musaca.Models.csproj", "{084A8B66-1F79-464F-8CCD-26D4BF4F49B2}"
EndProject
Project("{2150E333-8FDC-42A3-9474-1A3956D46DE8}") = "SULSApp", "SULSApp", "{9421D59D-8A96-42ED-9073-BE9A8856C29E}"
EndProject
Project("{FAE04EC0-301F-11D3-BF4B-00C04F79EFBC}") = "SULS.App", "SULSApp\SULS.App\SULS.App.csproj", "{CBC53905-3DB8-4926-A03F-8D5620956D9F}"
EndProject
Project("{FAE04EC0-301F-11D3-BF4B-00C04F79EFBC}") = "SULS.Data", "SULSApp\SULS.Data\SULS.Data.csproj", "{838DBCE5-F281-45CE-B929-5DA61CE743A8}"
EndProject
Project("{FAE04EC0-301F-11D3-BF4B-00C04F79EFBC}") = "SULS.Models", "SULSApp\SULS.Models\SULS.Models.csproj", "{7447C4CF-9F98-4865-99AF-809C08305422}"
EndProject
Project("{FAE04EC0-301F-11D3-BF4B-00C04F79EFBC}") = "SULS.Services", "SULSApp\SULS.Services\SULS.Services.csproj", "{A902B72F-FC31-4E49-ABC2-5D500DBAF8A0}"
EndProject
Global
	GlobalSection(SolutionConfigurationPlatforms) = preSolution
		Debug|Any CPU = Debug|Any CPU
		Release|Any CPU = Release|Any CPU
	EndGlobalSection
	GlobalSection(ProjectConfigurationPlatforms) = postSolution
		{EDC19875-FA13-47B0-9449-72EA4B00B36B}.Debug|Any CPU.ActiveCfg = Debug|Any CPU
		{EDC19875-FA13-47B0-9449-72EA4B00B36B}.Debug|Any CPU.Build.0 = Debug|Any CPU
		{EDC19875-FA13-47B0-9449-72EA4B00B36B}.Release|Any CPU.ActiveCfg = Release|Any CPU
		{EDC19875-FA13-47B0-9449-72EA4B00B36B}.Release|Any CPU.Build.0 = Release|Any CPU
		{A20DFD58-13CC-4475-82C2-0B0A9D66E22B}.Debug|Any CPU.ActiveCfg = Debug|Any CPU
		{A20DFD58-13CC-4475-82C2-0B0A9D66E22B}.Debug|Any CPU.Build.0 = Debug|Any CPU
		{A20DFD58-13CC-4475-82C2-0B0A9D66E22B}.Release|Any CPU.ActiveCfg = Release|Any CPU
		{A20DFD58-13CC-4475-82C2-0B0A9D66E22B}.Release|Any CPU.Build.0 = Release|Any CPU
		{68480BC8-F1E3-4FC5-B724-3BBDFC5D91EE}.Debug|Any CPU.ActiveCfg = Debug|Any CPU
		{68480BC8-F1E3-4FC5-B724-3BBDFC5D91EE}.Debug|Any CPU.Build.0 = Debug|Any CPU
		{68480BC8-F1E3-4FC5-B724-3BBDFC5D91EE}.Release|Any CPU.ActiveCfg = Release|Any CPU
		{68480BC8-F1E3-4FC5-B724-3BBDFC5D91EE}.Release|Any CPU.Build.0 = Release|Any CPU
		{6291F841-060E-44ED-AD62-B9E8D0CB917D}.Debug|Any CPU.ActiveCfg = Debug|Any CPU
		{6291F841-060E-44ED-AD62-B9E8D0CB917D}.Debug|Any CPU.Build.0 = Debug|Any CPU
		{6291F841-060E-44ED-AD62-B9E8D0CB917D}.Release|Any CPU.ActiveCfg = Release|Any CPU
		{6291F841-060E-44ED-AD62-B9E8D0CB917D}.Release|Any CPU.Build.0 = Release|Any CPU
		{CEF5B808-6CAC-49E6-B06F-A094B4DA9EA3}.Debug|Any CPU.ActiveCfg = Debug|Any CPU
		{CEF5B808-6CAC-49E6-B06F-A094B4DA9EA3}.Debug|Any CPU.Build.0 = Debug|Any CPU
		{CEF5B808-6CAC-49E6-B06F-A094B4DA9EA3}.Release|Any CPU.ActiveCfg = Release|Any CPU
		{CEF5B808-6CAC-49E6-B06F-A094B4DA9EA3}.Release|Any CPU.Build.0 = Release|Any CPU
		{5211DE21-7587-4F67-B35C-DF5247C11019}.Debug|Any CPU.ActiveCfg = Debug|Any CPU
		{5211DE21-7587-4F67-B35C-DF5247C11019}.Debug|Any CPU.Build.0 = Debug|Any CPU
		{5211DE21-7587-4F67-B35C-DF5247C11019}.Release|Any CPU.ActiveCfg = Release|Any CPU
		{5211DE21-7587-4F67-B35C-DF5247C11019}.Release|Any CPU.Build.0 = Release|Any CPU
		{61AA6A7B-DF86-4025-9287-326C1EDCF9E4}.Debug|Any CPU.ActiveCfg = Debug|Any CPU
		{61AA6A7B-DF86-4025-9287-326C1EDCF9E4}.Debug|Any CPU.Build.0 = Debug|Any CPU
		{61AA6A7B-DF86-4025-9287-326C1EDCF9E4}.Release|Any CPU.ActiveCfg = Release|Any CPU
		{61AA6A7B-DF86-4025-9287-326C1EDCF9E4}.Release|Any CPU.Build.0 = Release|Any CPU
		{C9F5073E-24A5-4BF3-B37C-770A8F26F70C}.Debug|Any CPU.ActiveCfg = Debug|Any CPU
		{C9F5073E-24A5-4BF3-B37C-770A8F26F70C}.Debug|Any CPU.Build.0 = Debug|Any CPU
		{C9F5073E-24A5-4BF3-B37C-770A8F26F70C}.Release|Any CPU.ActiveCfg = Release|Any CPU
		{C9F5073E-24A5-4BF3-B37C-770A8F26F70C}.Release|Any CPU.Build.0 = Release|Any CPU
		{FE581BA8-E0F0-4641-AC76-B187661C3BC3}.Debug|Any CPU.ActiveCfg = Debug|Any CPU
		{FE581BA8-E0F0-4641-AC76-B187661C3BC3}.Debug|Any CPU.Build.0 = Debug|Any CPU
		{FE581BA8-E0F0-4641-AC76-B187661C3BC3}.Release|Any CPU.ActiveCfg = Release|Any CPU
		{FE581BA8-E0F0-4641-AC76-B187661C3BC3}.Release|Any CPU.Build.0 = Release|Any CPU
		{8256C01E-86EF-43F6-999F-766086E8188D}.Debug|Any CPU.ActiveCfg = Debug|Any CPU
		{8256C01E-86EF-43F6-999F-766086E8188D}.Debug|Any CPU.Build.0 = Debug|Any CPU
		{8256C01E-86EF-43F6-999F-766086E8188D}.Release|Any CPU.ActiveCfg = Release|Any CPU
		{8256C01E-86EF-43F6-999F-766086E8188D}.Release|Any CPU.Build.0 = Release|Any CPU
		{084A8B66-1F79-464F-8CCD-26D4BF4F49B2}.Debug|Any CPU.ActiveCfg = Debug|Any CPU
		{084A8B66-1F79-464F-8CCD-26D4BF4F49B2}.Debug|Any CPU.Build.0 = Debug|Any CPU
		{084A8B66-1F79-464F-8CCD-26D4BF4F49B2}.Release|Any CPU.ActiveCfg = Release|Any CPU
		{084A8B66-1F79-464F-8CCD-26D4BF4F49B2}.Release|Any CPU.Build.0 = Release|Any CPU
		{CBC53905-3DB8-4926-A03F-8D5620956D9F}.Debug|Any CPU.ActiveCfg = Debug|Any CPU
		{CBC53905-3DB8-4926-A03F-8D5620956D9F}.Debug|Any CPU.Build.0 = Debug|Any CPU
		{CBC53905-3DB8-4926-A03F-8D5620956D9F}.Release|Any CPU.ActiveCfg = Release|Any CPU
		{CBC53905-3DB8-4926-A03F-8D5620956D9F}.Release|Any CPU.Build.0 = Release|Any CPU
		{838DBCE5-F281-45CE-B929-5DA61CE743A8}.Debug|Any CPU.ActiveCfg = Debug|Any CPU
		{838DBCE5-F281-45CE-B929-5DA61CE743A8}.Debug|Any CPU.Build.0 = Debug|Any CPU
		{838DBCE5-F281-45CE-B929-5DA61CE743A8}.Release|Any CPU.ActiveCfg = Release|Any CPU
		{838DBCE5-F281-45CE-B929-5DA61CE743A8}.Release|Any CPU.Build.0 = Release|Any CPU
		{7447C4CF-9F98-4865-99AF-809C08305422}.Debug|Any CPU.ActiveCfg = Debug|Any CPU
		{7447C4CF-9F98-4865-99AF-809C08305422}.Debug|Any CPU.Build.0 = Debug|Any CPU
		{7447C4CF-9F98-4865-99AF-809C08305422}.Release|Any CPU.ActiveCfg = Release|Any CPU
		{7447C4CF-9F98-4865-99AF-809C08305422}.Release|Any CPU.Build.0 = Release|Any CPU
		{A902B72F-FC31-4E49-ABC2-5D500DBAF8A0}.Debug|Any CPU.ActiveCfg = Debug|Any CPU
		{A902B72F-FC31-4E49-ABC2-5D500DBAF8A0}.Debug|Any CPU.Build.0 = Debug|Any CPU
		{A902B72F-FC31-4E49-ABC2-5D500DBAF8A0}.Release|Any CPU.ActiveCfg = Release|Any CPU
		{A902B72F-FC31-4E49-ABC2-5D500DBAF8A0}.Release|Any CPU.Build.0 = Release|Any CPU
	EndGlobalSection
	GlobalSection(SolutionProperties) = preSolution
		HideSolutionNode = FALSE
	EndGlobalSection
	GlobalSection(NestedProjects) = preSolution
		{6291F841-060E-44ED-AD62-B9E8D0CB917D} = {6F337154-8304-43B2-B45A-65D52BB0FE9F}
		{CEF5B808-6CAC-49E6-B06F-A094B4DA9EA3} = {6F337154-8304-43B2-B45A-65D52BB0FE9F}
		{5211DE21-7587-4F67-B35C-DF5247C11019} = {6F337154-8304-43B2-B45A-65D52BB0FE9F}
		{61AA6A7B-DF86-4025-9287-326C1EDCF9E4} = {6F337154-8304-43B2-B45A-65D52BB0FE9F}
		{C9F5073E-24A5-4BF3-B37C-770A8F26F70C} = {C966D15A-7E58-4B82-9C12-9BA254350EDD}
		{FE581BA8-E0F0-4641-AC76-B187661C3BC3} = {C966D15A-7E58-4B82-9C12-9BA254350EDD}
		{8256C01E-86EF-43F6-999F-766086E8188D} = {C966D15A-7E58-4B82-9C12-9BA254350EDD}
		{084A8B66-1F79-464F-8CCD-26D4BF4F49B2} = {C966D15A-7E58-4B82-9C12-9BA254350EDD}
		{CBC53905-3DB8-4926-A03F-8D5620956D9F} = {9421D59D-8A96-42ED-9073-BE9A8856C29E}
		{838DBCE5-F281-45CE-B929-5DA61CE743A8} = {9421D59D-8A96-42ED-9073-BE9A8856C29E}
		{7447C4CF-9F98-4865-99AF-809C08305422} = {9421D59D-8A96-42ED-9073-BE9A8856C29E}
		{A902B72F-FC31-4E49-ABC2-5D500DBAF8A0} = {9421D59D-8A96-42ED-9073-BE9A8856C29E}
	EndGlobalSection
	GlobalSection(ExtensibilityGlobals) = postSolution
		SolutionGuid = {18CB9811-B083-49B3-BB43-BB62CEB5BAF5}
	EndGlobalSection
EndGlobal
