
Microsoft Visual Studio Solution File, Format Version 12.00
# Visual Studio 15
VisualStudioVersion = 15.0.28010.2003
MinimumVisualStudioVersion = 10.0.40219.1
Project("{FAE04EC0-301F-11D3-BF4B-00C04F79EFBC}") = "1. One", "1. One\1. One.csproj", "{E7D40530-D4F0-4881-A74D-11F6BBEB0DF0}"
EndProject
Project("{FAE04EC0-301F-11D3-BF4B-00C04F79EFBC}") = "2. Two", "2. Two\2. Two.csproj", "{31F1710B-7E6D-4F84-AE1A-C0AF0618D7EC}"
EndProject
Project("{FAE04EC0-301F-11D3-BF4B-00C04F79EFBC}") = "3. Three", "3. Three\3. Three.csproj", "{CF54815F-C7B0-4747-A804-CFDC3ABCEA31}"
EndProject
Project("{FAE04EC0-301F-11D3-BF4B-00C04F79EFBC}") = "4. Four", "4. Four\4. Four.csproj", "{F5B6F6A7-DDED-40D1-BF6F-73A569F3374F}"
EndProject
Project("{FAE04EC0-301F-11D3-BF4B-00C04F79EFBC}") = "test", "test\test.csproj", "{15D018CC-CEBD-4B04-A365-ED7E5E9558DC}"
EndProject
Project("{FAE04EC0-301F-11D3-BF4B-00C04F79EFBC}") = "5. Five", "5. Five\5. Five.csproj", "{0A2339F2-19AF-45B2-90B1-48F91529EABB}"
EndProject
Project("{FAE04EC0-301F-11D3-BF4B-00C04F79EFBC}") = "6. Six", "6. Six\6. Six.csproj", "{C3159268-510C-4D9A-8BD0-63AA7BB82D9D}"
EndProject
Global
	GlobalSection(SolutionConfigurationPlatforms) = preSolution
		Debug|Any CPU = Debug|Any CPU
		Release|Any CPU = Release|Any CPU
	EndGlobalSection
	GlobalSection(ProjectConfigurationPlatforms) = postSolution
		{E7D40530-D4F0-4881-A74D-11F6BBEB0DF0}.Debug|Any CPU.ActiveCfg = Debug|Any CPU
		{E7D40530-D4F0-4881-A74D-11F6BBEB0DF0}.Debug|Any CPU.Build.0 = Debug|Any CPU
		{E7D40530-D4F0-4881-A74D-11F6BBEB0DF0}.Release|Any CPU.ActiveCfg = Release|Any CPU
		{E7D40530-D4F0-4881-A74D-11F6BBEB0DF0}.Release|Any CPU.Build.0 = Release|Any CPU
		{31F1710B-7E6D-4F84-AE1A-C0AF0618D7EC}.Debug|Any CPU.ActiveCfg = Debug|Any CPU
		{31F1710B-7E6D-4F84-AE1A-C0AF0618D7EC}.Debug|Any CPU.Build.0 = Debug|Any CPU
		{31F1710B-7E6D-4F84-AE1A-C0AF0618D7EC}.Release|Any CPU.ActiveCfg = Release|Any CPU
		{31F1710B-7E6D-4F84-AE1A-C0AF0618D7EC}.Release|Any CPU.Build.0 = Release|Any CPU
		{CF54815F-C7B0-4747-A804-CFDC3ABCEA31}.Debug|Any CPU.ActiveCfg = Debug|Any CPU
		{CF54815F-C7B0-4747-A804-CFDC3ABCEA31}.Debug|Any CPU.Build.0 = Debug|Any CPU
		{CF54815F-C7B0-4747-A804-CFDC3ABCEA31}.Release|Any CPU.ActiveCfg = Release|Any CPU
		{CF54815F-C7B0-4747-A804-CFDC3ABCEA31}.Release|Any CPU.Build.0 = Release|Any CPU
		{F5B6F6A7-DDED-40D1-BF6F-73A569F3374F}.Debug|Any CPU.ActiveCfg = Debug|Any CPU
		{F5B6F6A7-DDED-40D1-BF6F-73A569F3374F}.Debug|Any CPU.Build.0 = Debug|Any CPU
		{F5B6F6A7-DDED-40D1-BF6F-73A569F3374F}.Release|Any CPU.ActiveCfg = Release|Any CPU
		{F5B6F6A7-DDED-40D1-BF6F-73A569F3374F}.Release|Any CPU.Build.0 = Release|Any CPU
		{15D018CC-CEBD-4B04-A365-ED7E5E9558DC}.Debug|Any CPU.ActiveCfg = Debug|Any CPU
		{15D018CC-CEBD-4B04-A365-ED7E5E9558DC}.Debug|Any CPU.Build.0 = Debug|Any CPU
		{15D018CC-CEBD-4B04-A365-ED7E5E9558DC}.Release|Any CPU.ActiveCfg = Release|Any CPU
		{15D018CC-CEBD-4B04-A365-ED7E5E9558DC}.Release|Any CPU.Build.0 = Release|Any CPU
		{0A2339F2-19AF-45B2-90B1-48F91529EABB}.Debug|Any CPU.ActiveCfg = Debug|Any CPU
		{0A2339F2-19AF-45B2-90B1-48F91529EABB}.Debug|Any CPU.Build.0 = Debug|Any CPU
		{0A2339F2-19AF-45B2-90B1-48F91529EABB}.Release|Any CPU.ActiveCfg = Release|Any CPU
		{0A2339F2-19AF-45B2-90B1-48F91529EABB}.Release|Any CPU.Build.0 = Release|Any CPU
		{C3159268-510C-4D9A-8BD0-63AA7BB82D9D}.Debug|Any CPU.ActiveCfg = Debug|Any CPU
		{C3159268-510C-4D9A-8BD0-63AA7BB82D9D}.Debug|Any CPU.Build.0 = Debug|Any CPU
		{C3159268-510C-4D9A-8BD0-63AA7BB82D9D}.Release|Any CPU.ActiveCfg = Release|Any CPU
		{C3159268-510C-4D9A-8BD0-63AA7BB82D9D}.Release|Any CPU.Build.0 = Release|Any CPU
	EndGlobalSection
	GlobalSection(SolutionProperties) = preSolution
		HideSolutionNode = FALSE
	EndGlobalSection
	GlobalSection(ExtensibilityGlobals) = postSolution
		SolutionGuid = {95C6A368-3379-4C73-AA80-8BDA901C4D50}
	EndGlobalSection
EndGlobal
