
Microsoft Visual Studio Solution File, Format Version 12.00
# Visual Studio 15
VisualStudioVersion = 15.0.28010.2003
MinimumVisualStudioVersion = 10.0.40219.1
Project("{FAE04EC0-301F-11D3-BF4B-00C04F79EFBC}") = "DotOnLine", "DotOnLine\DotOnLine.csproj", "{F75761FD-23EF-4258-8343-F6D2F28CAD4C}"
EndProject
Project("{FAE04EC0-301F-11D3-BF4B-00C04F79EFBC}") = "Bricks", "Bricks\Bricks.csproj", "{E79E06BE-3EED-431C-9CC3-1DEFECE5D9FB}"
EndProject
Project("{FAE04EC0-301F-11D3-BF4B-00C04F79EFBC}") = "DateAfter5Days", "DateAfter5Days\DateAfter5Days.csproj", "{176E6045-6D49-4640-AC77-24A4C1A8D8B4}"
EndProject
Project("{FAE04EC0-301F-11D3-BF4B-00C04F79EFBC}") = "SumOf3Num", "SumOf3Num\SumOf3Num.csproj", "{46F49FD7-5CBB-4CB4-89C3-2EEA74719E1B}"
EndProject
Project("{FAE04EC0-301F-11D3-BF4B-00C04F79EFBC}") = "SumStep3", "SumStep3\SumStep3.csproj", "{33C85208-C028-4DE9-937C-7EBF8BC2B569}"
EndProject
Global
	GlobalSection(SolutionConfigurationPlatforms) = preSolution
		Debug|Any CPU = Debug|Any CPU
		Release|Any CPU = Release|Any CPU
	EndGlobalSection
	GlobalSection(ProjectConfigurationPlatforms) = postSolution
		{F75761FD-23EF-4258-8343-F6D2F28CAD4C}.Debug|Any CPU.ActiveCfg = Debug|Any CPU
		{F75761FD-23EF-4258-8343-F6D2F28CAD4C}.Debug|Any CPU.Build.0 = Debug|Any CPU
		{F75761FD-23EF-4258-8343-F6D2F28CAD4C}.Release|Any CPU.ActiveCfg = Release|Any CPU
		{F75761FD-23EF-4258-8343-F6D2F28CAD4C}.Release|Any CPU.Build.0 = Release|Any CPU
		{E79E06BE-3EED-431C-9CC3-1DEFECE5D9FB}.Debug|Any CPU.ActiveCfg = Debug|Any CPU
		{E79E06BE-3EED-431C-9CC3-1DEFECE5D9FB}.Debug|Any CPU.Build.0 = Debug|Any CPU
		{E79E06BE-3EED-431C-9CC3-1DEFECE5D9FB}.Release|Any CPU.ActiveCfg = Release|Any CPU
		{E79E06BE-3EED-431C-9CC3-1DEFECE5D9FB}.Release|Any CPU.Build.0 = Release|Any CPU
		{176E6045-6D49-4640-AC77-24A4C1A8D8B4}.Debug|Any CPU.ActiveCfg = Debug|Any CPU
		{176E6045-6D49-4640-AC77-24A4C1A8D8B4}.Debug|Any CPU.Build.0 = Debug|Any CPU
		{176E6045-6D49-4640-AC77-24A4C1A8D8B4}.Release|Any CPU.ActiveCfg = Release|Any CPU
		{176E6045-6D49-4640-AC77-24A4C1A8D8B4}.Release|Any CPU.Build.0 = Release|Any CPU
		{46F49FD7-5CBB-4CB4-89C3-2EEA74719E1B}.Debug|Any CPU.ActiveCfg = Debug|Any CPU
		{46F49FD7-5CBB-4CB4-89C3-2EEA74719E1B}.Debug|Any CPU.Build.0 = Debug|Any CPU
		{46F49FD7-5CBB-4CB4-89C3-2EEA74719E1B}.Release|Any CPU.ActiveCfg = Release|Any CPU
		{46F49FD7-5CBB-4CB4-89C3-2EEA74719E1B}.Release|Any CPU.Build.0 = Release|Any CPU
		{33C85208-C028-4DE9-937C-7EBF8BC2B569}.Debug|Any CPU.ActiveCfg = Debug|Any CPU
		{33C85208-C028-4DE9-937C-7EBF8BC2B569}.Debug|Any CPU.Build.0 = Debug|Any CPU
		{33C85208-C028-4DE9-937C-7EBF8BC2B569}.Release|Any CPU.ActiveCfg = Release|Any CPU
		{33C85208-C028-4DE9-937C-7EBF8BC2B569}.Release|Any CPU.Build.0 = Release|Any CPU
	EndGlobalSection
	GlobalSection(SolutionProperties) = preSolution
		HideSolutionNode = FALSE
	EndGlobalSection
	GlobalSection(ExtensibilityGlobals) = postSolution
		SolutionGuid = {E3973396-9FD4-48D9-ADBE-85EDF84A1E62}
	EndGlobalSection
EndGlobal
